// !$*UTF8*$!
{
	archiveVersion = 1;
	classes = {
	};
	objectVersion = 46;
	objects = {

/* Begin PBXBuildFile section */
		3F715BE91E4B8B5C002FFBA0 /* College.swift in Sources */ = {isa = PBXBuildFile; fileRef = 3F715BE81E4B8B5C002FFBA0 /* College.swift */; };
		3F87F87D1E5CAF1900BCE1EB /* Realm.framework in Frameworks */ = {isa = PBXBuildFile; fileRef = 3F87F87B1E5CAF1900BCE1EB /* Realm.framework */; };
		3F87F87E1E5CAF1900BCE1EB /* Realm.framework in Embed Frameworks */ = {isa = PBXBuildFile; fileRef = 3F87F87B1E5CAF1900BCE1EB /* Realm.framework */; settings = {ATTRIBUTES = (CodeSignOnCopy, RemoveHeadersOnCopy, ); }; };
		3F87F87F1E5CAF1900BCE1EB /* RealmSwift.framework in Frameworks */ = {isa = PBXBuildFile; fileRef = 3F87F87C1E5CAF1900BCE1EB /* RealmSwift.framework */; };
		3F87F8801E5CAF1900BCE1EB /* RealmSwift.framework in Embed Frameworks */ = {isa = PBXBuildFile; fileRef = 3F87F87C1E5CAF1900BCE1EB /* RealmSwift.framework */; settings = {ATTRIBUTES = (CodeSignOnCopy, RemoveHeadersOnCopy, ); }; };
		3F91F9501E48E8FD00C999CB /* AppDelegate.swift in Sources */ = {isa = PBXBuildFile; fileRef = 3F91F94F1E48E8FD00C999CB /* AppDelegate.swift */; };
		3F91F9521E48E8FD00C999CB /* MasterViewController.swift in Sources */ = {isa = PBXBuildFile; fileRef = 3F91F9511E48E8FD00C999CB /* MasterViewController.swift */; };
		3F91F9541E48E8FD00C999CB /* DetailViewController.swift in Sources */ = {isa = PBXBuildFile; fileRef = 3F91F9531E48E8FD00C999CB /* DetailViewController.swift */; };
		3F91F9571E48E8FD00C999CB /* Main.storyboard in Resources */ = {isa = PBXBuildFile; fileRef = 3F91F9551E48E8FD00C999CB /* Main.storyboard */; };
		3F91F9591E48E8FD00C999CB /* Assets.xcassets in Resources */ = {isa = PBXBuildFile; fileRef = 3F91F9581E48E8FD00C999CB /* Assets.xcassets */; };
		3F91F95C1E48E8FD00C999CB /* LaunchScreen.storyboard in Resources */ = {isa = PBXBuildFile; fileRef = 3F91F95A1E48E8FD00C999CB /* LaunchScreen.storyboard */; };
		3F91F9671E48E8FE00C999CB /* collegeProfileBuilderTests.swift in Sources */ = {isa = PBXBuildFile; fileRef = 3F91F9661E48E8FE00C999CB /* collegeProfileBuilderTests.swift */; };
		3F91F9721E48E8FE00C999CB /* collegeProfileBuilderUITests.swift in Sources */ = {isa = PBXBuildFile; fileRef = 3F91F9711E48E8FE00C999CB /* collegeProfileBuilderUITests.swift */; };
/* End PBXBuildFile section */

/* Begin PBXContainerItemProxy section */
		3F91F9631E48E8FE00C999CB /* PBXContainerItemProxy */ = {
			isa = PBXContainerItemProxy;
			containerPortal = 3F91F9441E48E8FD00C999CB /* Project object */;
			proxyType = 1;
			remoteGlobalIDString = 3F91F94B1E48E8FD00C999CB;
			remoteInfo = collegeProfileBuilder;
		};
		3F91F96E1E48E8FE00C999CB /* PBXContainerItemProxy */ = {
			isa = PBXContainerItemProxy;
			containerPortal = 3F91F9441E48E8FD00C999CB /* Project object */;
			proxyType = 1;
			remoteGlobalIDString = 3F91F94B1E48E8FD00C999CB;
			remoteInfo = collegeProfileBuilder;
		};
/* End PBXContainerItemProxy section */

/* Begin PBXCopyFilesBuildPhase section */
		3F87F8811E5CAF1900BCE1EB /* Embed Frameworks */ = {
			isa = PBXCopyFilesBuildPhase;
			buildActionMask = 2147483647;
			dstPath = "";
			dstSubfolderSpec = 10;
			files = (
				3F87F8801E5CAF1900BCE1EB /* RealmSwift.framework in Embed Frameworks */,
				3F87F87E1E5CAF1900BCE1EB /* Realm.framework in Embed Frameworks */,
			);
			name = "Embed Frameworks";
			runOnlyForDeploymentPostprocessing = 0;
		};
/* End PBXCopyFilesBuildPhase section */

/* Begin PBXFileReference section */
		3F715BE81E4B8B5C002FFBA0 /* College.swift */ = {isa = PBXFileReference; fileEncoding = 4; lastKnownFileType = sourcecode.swift; path = College.swift; sourceTree = "<group>"; };
		3F87F87B1E5CAF1900BCE1EB /* Realm.framework */ = {isa = PBXFileReference; lastKnownFileType = wrapper.framework; path = Realm.framework; sourceTree = "<group>"; };
		3F87F87C1E5CAF1900BCE1EB /* RealmSwift.framework */ = {isa = PBXFileReference; lastKnownFileType = wrapper.framework; path = RealmSwift.framework; sourceTree = "<group>"; };
		3F91F94C1E48E8FD00C999CB /* collegeProfileBuilder.app */ = {isa = PBXFileReference; explicitFileType = wrapper.application; includeInIndex = 0; path = collegeProfileBuilder.app; sourceTree = BUILT_PRODUCTS_DIR; };
		3F91F94F1E48E8FD00C999CB /* AppDelegate.swift */ = {isa = PBXFileReference; lastKnownFileType = sourcecode.swift; path = AppDelegate.swift; sourceTree = "<group>"; };
		3F91F9511E48E8FD00C999CB /* MasterViewController.swift */ = {isa = PBXFileReference; lastKnownFileType = sourcecode.swift; path = MasterViewController.swift; sourceTree = "<group>"; };
		3F91F9531E48E8FD00C999CB /* DetailViewController.swift */ = {isa = PBXFileReference; lastKnownFileType = sourcecode.swift; path = DetailViewController.swift; sourceTree = "<group>"; };
		3F91F9561E48E8FD00C999CB /* Base */ = {isa = PBXFileReference; lastKnownFileType = file.storyboard; name = Base; path = Base.lproj/Main.storyboard; sourceTree = "<group>"; };
		3F91F9581E48E8FD00C999CB /* Assets.xcassets */ = {isa = PBXFileReference; lastKnownFileType = folder.assetcatalog; path = Assets.xcassets; sourceTree = "<group>"; };
		3F91F95B1E48E8FD00C999CB /* Base */ = {isa = PBXFileReference; lastKnownFileType = file.storyboard; name = Base; path = Base.lproj/LaunchScreen.storyboard; sourceTree = "<group>"; };
		3F91F95D1E48E8FD00C999CB /* Info.plist */ = {isa = PBXFileReference; lastKnownFileType = text.plist.xml; path = Info.plist; sourceTree = "<group>"; };
		3F91F9621E48E8FE00C999CB /* collegeProfileBuilderTests.xctest */ = {isa = PBXFileReference; explicitFileType = wrapper.cfbundle; includeInIndex = 0; path = collegeProfileBuilderTests.xctest; sourceTree = BUILT_PRODUCTS_DIR; };
		3F91F9661E48E8FE00C999CB /* collegeProfileBuilderTests.swift */ = {isa = PBXFileReference; lastKnownFileType = sourcecode.swift; path = collegeProfileBuilderTests.swift; sourceTree = "<group>"; };
		3F91F9681E48E8FE00C999CB /* Info.plist */ = {isa = PBXFileReference; lastKnownFileType = text.plist.xml; path = Info.plist; sourceTree = "<group>"; };
		3F91F96D1E48E8FE00C999CB /* collegeProfileBuilderUITests.xctest */ = {isa = PBXFileReference; explicitFileType = wrapper.cfbundle; includeInIndex = 0; path = collegeProfileBuilderUITests.xctest; sourceTree = BUILT_PRODUCTS_DIR; };
		3F91F9711E48E8FE00C999CB /* collegeProfileBuilderUITests.swift */ = {isa = PBXFileReference; lastKnownFileType = sourcecode.swift; path = collegeProfileBuilderUITests.swift; sourceTree = "<group>"; };
		3F91F9731E48E8FE00C999CB /* Info.plist */ = {isa = PBXFileReference; lastKnownFileType = text.plist.xml; path = Info.plist; sourceTree = "<group>"; };
/* End PBXFileReference section */

/* Begin PBXFrameworksBuildPhase section */
		3F91F9491E48E8FD00C999CB /* Frameworks */ = {
			isa = PBXFrameworksBuildPhase;
			buildActionMask = 2147483647;
			files = (
				3F87F87F1E5CAF1900BCE1EB /* RealmSwift.framework in Frameworks */,
				3F87F87D1E5CAF1900BCE1EB /* Realm.framework in Frameworks */,
			);
			runOnlyForDeploymentPostprocessing = 0;
		};
		3F91F95F1E48E8FE00C999CB /* Frameworks */ = {
			isa = PBXFrameworksBuildPhase;
			buildActionMask = 2147483647;
			files = (
			);
			runOnlyForDeploymentPostprocessing = 0;
		};
		3F91F96A1E48E8FE00C999CB /* Frameworks */ = {
			isa = PBXFrameworksBuildPhase;
			buildActionMask = 2147483647;
			files = (
			);
			runOnlyForDeploymentPostprocessing = 0;
		};
/* End PBXFrameworksBuildPhase section */

/* Begin PBXGroup section */
		3F91F9431E48E8FD00C999CB = {
			isa = PBXGroup;
			children = (
				3F87F87B1E5CAF1900BCE1EB /* Realm.framework */,
				3F87F87C1E5CAF1900BCE1EB /* RealmSwift.framework */,
				3F91F94E1E48E8FD00C999CB /* collegeProfileBuilder */,
				3F91F9651E48E8FE00C999CB /* collegeProfileBuilderTests */,
				3F91F9701E48E8FE00C999CB /* collegeProfileBuilderUITests */,
				3F91F94D1E48E8FD00C999CB /* Products */,
			);
			sourceTree = "<group>";
		};
		3F91F94D1E48E8FD00C999CB /* Products */ = {
			isa = PBXGroup;
			children = (
				3F91F94C1E48E8FD00C999CB /* collegeProfileBuilder.app */,
				3F91F9621E48E8FE00C999CB /* collegeProfileBuilderTests.xctest */,
				3F91F96D1E48E8FE00C999CB /* collegeProfileBuilderUITests.xctest */,
			);
			name = Products;
			sourceTree = "<group>";
		};
		3F91F94E1E48E8FD00C999CB /* collegeProfileBuilder */ = {
			isa = PBXGroup;
			children = (
				3F91F94F1E48E8FD00C999CB /* AppDelegate.swift */,
				3F91F9511E48E8FD00C999CB /* MasterViewController.swift */,
				3F715BE81E4B8B5C002FFBA0 /* College.swift */,
				3F91F9531E48E8FD00C999CB /* DetailViewController.swift */,
				3F91F9551E48E8FD00C999CB /* Main.storyboard */,
				3F91F9581E48E8FD00C999CB /* Assets.xcassets */,
				3F91F95A1E48E8FD00C999CB /* LaunchScreen.storyboard */,
				3F91F95D1E48E8FD00C999CB /* Info.plist */,
			);
			path = collegeProfileBuilder;
			sourceTree = "<group>";
		};
		3F91F9651E48E8FE00C999CB /* collegeProfileBuilderTests */ = {
			isa = PBXGroup;
			children = (
				3F91F9661E48E8FE00C999CB /* collegeProfileBuilderTests.swift */,
				3F91F9681E48E8FE00C999CB /* Info.plist */,
			);
			path = collegeProfileBuilderTests;
			sourceTree = "<group>";
		};
		3F91F9701E48E8FE00C999CB /* collegeProfileBuilderUITests */ = {
			isa = PBXGroup;
			children = (
				3F91F9711E48E8FE00C999CB /* collegeProfileBuilderUITests.swift */,
				3F91F9731E48E8FE00C999CB /* Info.plist */,
			);
			path = collegeProfileBuilderUITests;
			sourceTree = "<group>";
		};
/* End PBXGroup section */

/* Begin PBXNativeTarget section */
		3F91F94B1E48E8FD00C999CB /* collegeProfileBuilder */ = {
			isa = PBXNativeTarget;
			buildConfigurationList = 3F91F9761E48E8FE00C999CB /* Build configuration list for PBXNativeTarget "collegeProfileBuilder" */;
			buildPhases = (
				3F91F9481E48E8FD00C999CB /* Sources */,
				3F91F9491E48E8FD00C999CB /* Frameworks */,
				3F91F94A1E48E8FD00C999CB /* Resources */,
				3F87F8811E5CAF1900BCE1EB /* Embed Frameworks */,
			);
			buildRules = (
			);
			dependencies = (
			);
			name = collegeProfileBuilder;
			productName = collegeProfileBuilder;
			productReference = 3F91F94C1E48E8FD00C999CB /* collegeProfileBuilder.app */;
			productType = "com.apple.product-type.application";
		};
		3F91F9611E48E8FE00C999CB /* collegeProfileBuilderTests */ = {
			isa = PBXNativeTarget;
			buildConfigurationList = 3F91F9791E48E8FE00C999CB /* Build configuration list for PBXNativeTarget "collegeProfileBuilderTests" */;
			buildPhases = (
				3F91F95E1E48E8FE00C999CB /* Sources */,
				3F91F95F1E48E8FE00C999CB /* Frameworks */,
				3F91F9601E48E8FE00C999CB /* Resources */,
			);
			buildRules = (
			);
			dependencies = (
				3F91F9641E48E8FE00C999CB /* PBXTargetDependency */,
			);
			name = collegeProfileBuilderTests;
			productName = collegeProfileBuilderTests;
			productReference = 3F91F9621E48E8FE00C999CB /* collegeProfileBuilderTests.xctest */;
			productType = "com.apple.product-type.bundle.unit-test";
		};
		3F91F96C1E48E8FE00C999CB /* collegeProfileBuilderUITests */ = {
			isa = PBXNativeTarget;
			buildConfigurationList = 3F91F97C1E48E8FE00C999CB /* Build configuration list for PBXNativeTarget "collegeProfileBuilderUITests" */;
			buildPhases = (
				3F91F9691E48E8FE00C999CB /* Sources */,
				3F91F96A1E48E8FE00C999CB /* Frameworks */,
				3F91F96B1E48E8FE00C999CB /* Resources */,
			);
			buildRules = (
			);
			dependencies = (
				3F91F96F1E48E8FE00C999CB /* PBXTargetDependency */,
			);
			name = collegeProfileBuilderUITests;
			productName = collegeProfileBuilderUITests;
			productReference = 3F91F96D1E48E8FE00C999CB /* collegeProfileBuilderUITests.xctest */;
			productType = "com.apple.product-type.bundle.ui-testing";
		};
/* End PBXNativeTarget section */

/* Begin PBXProject section */
		3F91F9441E48E8FD00C999CB /* Project object */ = {
			isa = PBXProject;
			attributes = {
				LastSwiftUpdateCheck = 0820;
				LastUpgradeCheck = 0820;
				ORGANIZATIONNAME = cmacgregor;
				TargetAttributes = {
					3F91F94B1E48E8FD00C999CB = {
						CreatedOnToolsVersion = 8.2.1;
						ProvisioningStyle = Automatic;
					};
					3F91F9611E48E8FE00C999CB = {
						CreatedOnToolsVersion = 8.2.1;
						ProvisioningStyle = Automatic;
						TestTargetID = 3F91F94B1E48E8FD00C999CB;
					};
					3F91F96C1E48E8FE00C999CB = {
						CreatedOnToolsVersion = 8.2.1;
						ProvisioningStyle = Automatic;
						TestTargetID = 3F91F94B1E48E8FD00C999CB;
					};
				};
			};
			buildConfigurationList = 3F91F9471E48E8FD00C999CB /* Build configuration list for PBXProject "collegeProfileBuilder" */;
			compatibilityVersion = "Xcode 3.2";
			developmentRegion = English;
			hasScannedForEncodings = 0;
			knownRegions = (
				en,
				Base,
			);
			mainGroup = 3F91F9431E48E8FD00C999CB;
			productRefGroup = 3F91F94D1E48E8FD00C999CB /* Products */;
			projectDirPath = "";
			projectRoot = "";
			targets = (
				3F91F94B1E48E8FD00C999CB /* collegeProfileBuilder */,
				3F91F9611E48E8FE00C999CB /* collegeProfileBuilderTests */,
				3F91F96C1E48E8FE00C999CB /* collegeProfileBuilderUITests */,
			);
		};
/* End PBXProject section */

/* Begin PBXResourcesBuildPhase section */
		3F91F94A1E48E8FD00C999CB /* Resources */ = {
			isa = PBXResourcesBuildPhase;
			buildActionMask = 2147483647;
			files = (
				3F91F95C1E48E8FD00C999CB /* LaunchScreen.storyboard in Resources */,
				3F91F9591E48E8FD00C999CB /* Assets.xcassets in Resources */,
				3F91F9571E48E8FD00C999CB /* Main.storyboard in Resources */,
			);
			runOnlyForDeploymentPostprocessing = 0;
		};
		3F91F9601E48E8FE00C999CB /* Resources */ = {
			isa = PBXResourcesBuildPhase;
			buildActionMask = 2147483647;
			files = (
			);
			runOnlyForDeploymentPostprocessing = 0;
		};
		3F91F96B1E48E8FE00C999CB /* Resources */ = {
			isa = PBXResourcesBuildPhase;
			buildActionMask = 2147483647;
			files = (
			);
			runOnlyForDeploymentPostprocessing = 0;
		};
/* End PBXResourcesBuildPhase section */

/* Begin PBXSourcesBuildPhase section */
		3F91F9481E48E8FD00C999CB /* Sources */ = {
			isa = PBXSourcesBuildPhase;
			buildActionMask = 2147483647;
			files = (
				3F91F9541E48E8FD00C999CB /* DetailViewController.swift in Sources */,
				3F91F9521E48E8FD00C999CB /* MasterViewController.swift in Sources */,
				3F91F9501E48E8FD00C999CB /* AppDelegate.swift in Sources */,
				3F715BE91E4B8B5C002FFBA0 /* College.swift in Sources */,
			);
			runOnlyForDeploymentPostprocessing = 0;
		};
		3F91F95E1E48E8FE00C999CB /* Sources */ = {
			isa = PBXSourcesBuildPhase;
			buildActionMask = 2147483647;
			files = (
				3F91F9671E48E8FE00C999CB /* collegeProfileBuilderTests.swift in Sources */,
			);
			runOnlyForDeploymentPostprocessing = 0;
		};
		3F91F9691E48E8FE00C999CB /* Sources */ = {
			isa = PBXSourcesBuildPhase;
			buildActionMask = 2147483647;
			files = (
				3F91F9721E48E8FE00C999CB /* collegeProfileBuilderUITests.swift in Sources */,
			);
			runOnlyForDeploymentPostprocessing = 0;
		};
/* End PBXSourcesBuildPhase section */

/* Begin PBXTargetDependency section */
		3F91F9641E48E8FE00C999CB /* PBXTargetDependency */ = {
			isa = PBXTargetDependency;
			target = 3F91F94B1E48E8FD00C999CB /* collegeProfileBuilder */;
			targetProxy = 3F91F9631E48E8FE00C999CB /* PBXContainerItemProxy */;
		};
		3F91F96F1E48E8FE00C999CB /* PBXTargetDependency */ = {
			isa = PBXTargetDependency;
			target = 3F91F94B1E48E8FD00C999CB /* collegeProfileBuilder */;
			targetProxy = 3F91F96E1E48E8FE00C999CB /* PBXContainerItemProxy */;
		};
/* End PBXTargetDependency section */

/* Begin PBXVariantGroup section */
		3F91F9551E48E8FD00C999CB /* Main.storyboard */ = {
			isa = PBXVariantGroup;
			children = (
				3F91F9561E48E8FD00C999CB /* Base */,
			);
			name = Main.storyboard;
			sourceTree = "<group>";
		};
		3F91F95A1E48E8FD00C999CB /* LaunchScreen.storyboard */ = {
			isa = PBXVariantGroup;
			children = (
				3F91F95B1E48E8FD00C999CB /* Base */,
			);
			name = LaunchScreen.storyboard;
			sourceTree = "<group>";
		};
/* End PBXVariantGroup section */

/* Begin XCBuildConfiguration section */
		3F91F9741E48E8FE00C999CB /* Debug */ = {
			isa = XCBuildConfiguration;
			buildSettings = {
				ALWAYS_SEARCH_USER_PATHS = NO;
				CLANG_ANALYZER_NONNULL = YES;
				CLANG_CXX_LANGUAGE_STANDARD = "gnu++0x";
				CLANG_CXX_LIBRARY = "libc++";
				CLANG_ENABLE_MODULES = YES;
				CLANG_ENABLE_OBJC_ARC = YES;
				CLANG_WARN_BOOL_CONVERSION = YES;
				CLANG_WARN_CONSTANT_CONVERSION = YES;
				CLANG_WARN_DIRECT_OBJC_ISA_USAGE = YES_ERROR;
				CLANG_WARN_DOCUMENTATION_COMMENTS = YES;
				CLANG_WARN_EMPTY_BODY = YES;
				CLANG_WARN_ENUM_CONVERSION = YES;
				CLANG_WARN_INFINITE_RECURSION = YES;
				CLANG_WARN_INT_CONVERSION = YES;
				CLANG_WARN_OBJC_ROOT_CLASS = YES_ERROR;
				CLANG_WARN_SUSPICIOUS_MOVE = YES;
				CLANG_WARN_UNREACHABLE_CODE = YES;
				CLANG_WARN__DUPLICATE_METHOD_MATCH = YES;
				"CODE_SIGN_IDENTITY[sdk=iphoneos*]" = "iPhone Developer";
				COPY_PHASE_STRIP = NO;
				DEBUG_INFORMATION_FORMAT = dwarf;
				ENABLE_STRICT_OBJC_MSGSEND = YES;
				ENABLE_TESTABILITY = YES;
				GCC_C_LANGUAGE_STANDARD = gnu99;
				GCC_DYNAMIC_NO_PIC = NO;
				GCC_NO_COMMON_BLOCKS = YES;
				GCC_OPTIMIZATION_LEVEL = 0;
				GCC_PREPROCESSOR_DEFINITIONS = (
					"DEBUG=1",
					"$(inherited)",
				);
				GCC_WARN_64_TO_32_BIT_CONVERSION = YES;
				GCC_WARN_ABOUT_RETURN_TYPE = YES_ERROR;
				GCC_WARN_UNDECLARED_SELECTOR = YES;
				GCC_WARN_UNINITIALIZED_AUTOS = YES_AGGRESSIVE;
				GCC_WARN_UNUSED_FUNCTION = YES;
				GCC_WARN_UNUSED_VARIABLE = YES;
				IPHONEOS_DEPLOYMENT_TARGET = 10.2;
				MTL_ENABLE_DEBUG_INFO = YES;
				ONLY_ACTIVE_ARCH = YES;
				SDKROOT = iphoneos;
				SWIFT_ACTIVE_COMPILATION_CONDITIONS = DEBUG;
				SWIFT_OPTIMIZATION_LEVEL = "-Onone";
				TARGETED_DEVICE_FAMILY = "1,2";
			};
			name = Debug;
		};
		3F91F9751E48E8FE00C999CB /* Release */ = {
			isa = XCBuildConfiguration;
			buildSettings = {
				ALWAYS_SEARCH_USER_PATHS = NO;
				CLANG_ANALYZER_NONNULL = YES;
				CLANG_CXX_LANGUAGE_STANDARD = "gnu++0x";
				CLANG_CXX_LIBRARY = "libc++";
				CLANG_ENABLE_MODULES = YES;
				CLANG_ENABLE_OBJC_ARC = YES;
				CLANG_WARN_BOOL_CONVERSION = YES;
				CLANG_WARN_CONSTANT_CONVERSION = YES;
				CLANG_WARN_DIRECT_OBJC_ISA_USAGE = YES_ERROR;
				CLANG_WARN_DOCUMENTATION_COMMENTS = YES;
				CLANG_WARN_EMPTY_BODY = YES;
				CLANG_WARN_ENUM_CONVERSION = YES;
				CLANG_WARN_INFINITE_RECURSION = YES;
				CLANG_WARN_INT_CONVERSION = YES;
				CLANG_WARN_OBJC_ROOT_CLASS = YES_ERROR;
				CLANG_WARN_SUSPICIOUS_MOVE = YES;
				CLANG_WARN_UNREACHABLE_CODE = YES;
				CLANG_WARN__DUPLICATE_METHOD_MATCH = YES;
				"CODE_SIGN_IDENTITY[sdk=iphoneos*]" = "iPhone Developer";
				COPY_PHASE_STRIP = NO;
				DEBUG_INFORMATION_FORMAT = "dwarf-with-dsym";
				ENABLE_NS_ASSERTIONS = NO;
				ENABLE_STRICT_OBJC_MSGSEND = YES;
				GCC_C_LANGUAGE_STANDARD = gnu99;
				GCC_NO_COMMON_BLOCKS = YES;
				GCC_WARN_64_TO_32_BIT_CONVERSION = YES;
				GCC_WARN_ABOUT_RETURN_TYPE = YES_ERROR;
				GCC_WARN_UNDECLARED_SELECTOR = YES;
				GCC_WARN_UNINITIALIZED_AUTOS = YES_AGGRESSIVE;
				GCC_WARN_UNUSED_FUNCTION = YES;
				GCC_WARN_UNUSED_VARIABLE = YES;
				IPHONEOS_DEPLOYMENT_TARGET = 10.2;
				MTL_ENABLE_DEBUG_INFO = NO;
				SDKROOT = iphoneos;
				SWIFT_OPTIMIZATION_LEVEL = "-Owholemodule";
				TARGETED_DEVICE_FAMILY = "1,2";
				VALIDATE_PRODUCT = YES;
			};
			name = Release;
		};
		3F91F9771E48E8FE00C999CB /* Debug */ = {
			isa = XCBuildConfiguration;
			buildSettings = {
				ASSETCATALOG_COMPILER_APPICON_NAME = AppIcon;
				FRAMEWORK_SEARCH_PATHS = (
					"$(inherited)",
					"$(PROJECT_DIR)",
				);
				INFOPLIST_FILE = collegeProfileBuilder/Info.plist;
				LD_RUNPATH_SEARCH_PATHS = "$(inherited) @executable_path/Frameworks";
				PRODUCT_BUNDLE_IDENTIFIER = colin.collegeProfileBuilder;
				PRODUCT_NAME = "$(TARGET_NAME)";
				SWIFT_VERSION = 3.0;
			};
			name = Debug;
		};
		3F91F9781E48E8FE00C999CB /* Release */ = {
			isa = XCBuildConfiguration;
			buildSettings = {
				ASSETCATALOG_COMPILER_APPICON_NAME = AppIcon;
				FRAMEWORK_SEARCH_PATHS = (
					"$(inherited)",
					"$(PROJECT_DIR)",
				);
				INFOPLIST_FILE = collegeProfileBuilder/Info.plist;
				LD_RUNPATH_SEARCH_PATHS = "$(inherited) @executable_path/Frameworks";
				PRODUCT_BUNDLE_IDENTIFIER = colin.collegeProfileBuilder;
				PRODUCT_NAME = "$(TARGET_NAME)";
				SWIFT_VERSION = 3.0;
			};
			name = Release;
		};
		3F91F97A1E48E8FE00C999CB /* Debug */ = {
			isa = XCBuildConfiguration;
			buildSettings = {
				ALWAYS_EMBED_SWIFT_STANDARD_LIBRARIES = YES;
				BUNDLE_LOADER = "$(TEST_HOST)";
				INFOPLIST_FILE = collegeProfileBuilderTests/Info.plist;
				LD_RUNPATH_SEARCH_PATHS = "$(inherited) @executable_path/Frameworks @loader_path/Frameworks";
				PRODUCT_BUNDLE_IDENTIFIER = colin.collegeProfileBuilderTests;
				PRODUCT_NAME = "$(TARGET_NAME)";
				SWIFT_VERSION = 3.0;
				TEST_HOST = "$(BUILT_PRODUCTS_DIR)/collegeProfileBuilder.app/collegeProfileBuilder";
			};
			name = Debug;
		};
		3F91F97B1E48E8FE00C999CB /* Release */ = {
			isa = XCBuildConfiguration;
			buildSettings = {
				ALWAYS_EMBED_SWIFT_STANDARD_LIBRARIES = YES;
				BUNDLE_LOADER = "$(TEST_HOST)";
				INFOPLIST_FILE = collegeProfileBuilderTests/Info.plist;
				LD_RUNPATH_SEARCH_PATHS = "$(inherited) @executable_path/Frameworks @loader_path/Frameworks";
				PRODUCT_BUNDLE_IDENTIFIER = colin.collegeProfileBuilderTests;
				PRODUCT_NAME = "$(TARGET_NAME)";
				SWIFT_VERSION = 3.0;
				TEST_HOST = "$(BUILT_PRODUCTS_DIR)/collegeProfileBuilder.app/collegeProfileBuilder";
			};
			name = Release;
		};
		3F91F97D1E48E8FE00C999CB /* Debug */ = {
			isa = XCBuildConfiguration;
			buildSettings = {
				ALWAYS_EMBED_SWIFT_STANDARD_LIBRARIES = YES;
				INFOPLIST_FILE = collegeProfileBuilderUITests/Info.plist;
				LD_RUNPATH_SEARCH_PATHS = "$(inherited) @executable_path/Frameworks @loader_path/Frameworks";
				PRODUCT_BUNDLE_IDENTIFIER = colin.collegeProfileBuilderUITests;
				PRODUCT_NAME = "$(TARGET_NAME)";
				SWIFT_VERSION = 3.0;
				TEST_TARGET_NAME = collegeProfileBuilder;
			};
			name = Debug;
		};
		3F91F97E1E48E8FE00C999CB /* Release */ = {
			isa = XCBuildConfiguration;
			buildSettings = {
				ALWAYS_EMBED_SWIFT_STANDARD_LIBRARIES = YES;
				INFOPLIST_FILE = collegeProfileBuilderUITests/Info.plist;
				LD_RUNPATH_SEARCH_PATHS = "$(inherited) @executable_path/Frameworks @loader_path/Frameworks";
				PRODUCT_BUNDLE_IDENTIFIER = colin.collegeProfileBuilderUITests;
				PRODUCT_NAME = "$(TARGET_NAME)";
				SWIFT_VERSION = 3.0;
				TEST_TARGET_NAME = collegeProfileBuilder;
			};
			name = Release;
		};
/* End XCBuildConfiguration section */

/* Begin XCConfigurationList section */
		3F91F9471E48E8FD00C999CB /* Build configuration list for PBXProject "collegeProfileBuilder" */ = {
			isa = XCConfigurationList;
			buildConfigurations = (
				3F91F9741E48E8FE00C999CB /* Debug */,
				3F91F9751E48E8FE00C999CB /* Release */,
			);
			defaultConfigurationIsVisible = 0;
			defaultConfigurationName = Release;
		};
		3F91F9761E48E8FE00C999CB /* Build configuration list for PBXNativeTarget "collegeProfileBuilder" */ = {
			isa = XCConfigurationList;
			buildConfigurations = (
				3F91F9771E48E8FE00C999CB /* Debug */,
				3F91F9781E48E8FE00C999CB /* Release */,
			);
			defaultConfigurationIsVisible = 0;
			defaultConfigurationName = Release;
		};
		3F91F9791E48E8FE00C999CB /* Build configuration list for PBXNativeTarget "collegeProfileBuilderTests" */ = {
			isa = XCConfigurationList;
			buildConfigurations = (
				3F91F97A1E48E8FE00C999CB /* Debug */,
				3F91F97B1E48E8FE00C999CB /* Release */,
			);
			defaultConfigurationIsVisible = 0;
			defaultConfigurationName = Release;
		};
		3F91F97C1E48E8FE00C999CB /* Build configuration list for PBXNativeTarget "collegeProfileBuilderUITests" */ = {
			isa = XCConfigurationList;
			buildConfigurations = (
				3F91F97D1E48E8FE00C999CB /* Debug */,
				3F91F97E1E48E8FE00C999CB /* Release */,
			);
			defaultConfigurationIsVisible = 0;
			defaultConfigurationName = Release;
		};
/* End XCConfigurationList section */
	};
	rootObject = 3F91F9441E48E8FD00C999CB /* Project object */;
}
